
Microsoft Visual Studio Solution File, Format Version 12.00
Project("{2150E333-8FDC-42A3-9474-1A3956D46DE8}") = "A1-CommonModule", "A1-CommonModule", "{6FA52701-60FE-407F-BC12-67DE1B851940}"
EndProject
Project("{2150E333-8FDC-42A3-9474-1A3956D46DE8}") = "AuthGateway", "AuthGateway", "{FD7CB799-2E28-43B4-B8A7-5497E2A631CC}"
EndProject
Project("{FAE04EC0-301F-11D3-BF4B-00C04F79EFBC}") = "CommonModule.Core", "CommonModule\CommonModule.Core\CommonModule.Core.csproj", "{3CBEF98E-1366-4763-8AAB-955A2DA5E201}"
EndProject
Project("{FAE04EC0-301F-11D3-BF4B-00C04F79EFBC}") = "CommonModule.Interfaces", "CommonModule\CommonModule.Interfaces\CommonModule.Interfaces.csproj", "{002AA755-A573-49E9-81BE-D8E3D60D5382}"
EndProject
Project("{FAE04EC0-301F-11D3-BF4B-00C04F79EFBC}") = "CommonModule.Repositories", "CommonModule\CommonModule.Repositories\CommonModule.Repositories.csproj", "{59F40959-57C7-4776-834D-DF2158E6FCE5}"
EndProject
Project("{FAE04EC0-301F-11D3-BF4B-00C04F79EFBC}") = "CommonModule.Shared", "CommonModule\CommonModule.Shared\CommonModule.Shared.csproj", "{24624C1E-41E8-4DDC-8D2F-7786AC1F8EF5}"
EndProject
Project("{FAE04EC0-301F-11D3-BF4B-00C04F79EFBC}") = "CommonModule.Facade", "CommonModule\CommonModule.Facade\CommonModule.Facade.csproj", "{E117C5F6-4083-418B-9C1D-779AA11A7C33}"
EndProject
Project("{FAE04EC0-301F-11D3-BF4B-00C04F79EFBC}") = "AuthGateway.ClientApi", "AuthGateway\AuthGateway.ClientApi\AuthGateway.ClientApi.csproj", "{D1F6F838-7D5F-4BA2-9A3A-DC77334B3780}"
EndProject
Project("{2150E333-8FDC-42A3-9474-1A3956D46DE8}") = "AuthGateway.Infrastructure", "AuthGateway.Infrastructure", "{3CCA8818-CDBA-41D1-B1C2-8BB26E854E12}"
EndProject
Project("{FAE04EC0-301F-11D3-BF4B-00C04F79EFBC}") = "AuthGateway.Domain", "AuthGateway\AuthGateway.Domain\AuthGateway.Domain.csproj", "{209A4FD8-6667-40DE-ACD1-BDBA776F37ED}"
EndProject
Project("{FAE04EC0-301F-11D3-BF4B-00C04F79EFBC}") = "AuthGateway.Mediatr", "AuthGateway\AuthGateway.Mediatr\AuthGateway.Mediatr.csproj", "{D890308A-4771-4C37-9592-2CAB757DE3FB}"
EndProject
Project("{FAE04EC0-301F-11D3-BF4B-00C04F79EFBC}") = "AuthGateway.Business", "AuthGateway\AuthGateway.Business\AuthGateway.Business.csproj", "{E1E78E7B-7D70-4CF4-888F-5277730EAB1D}"
EndProject
Project("{2150E333-8FDC-42A3-9474-1A3956D46DE8}") = "Expenses", "Expenses", "{F001CF5D-729D-42CE-9FD6-12FCEC8C4319}"
EndProject
Project("{2150E333-8FDC-42A3-9474-1A3956D46DE8}") = "Localizations", "Localizations", "{D369FB58-7DB9-4F57-A6F5-BA0A1FD4D1AD}"
EndProject
Project("{FAE04EC0-301F-11D3-BF4B-00C04F79EFBC}") = "Expenses.ClientApi", "Expenses\Expenses.ClientApi\Expenses.ClientApi.csproj", "{E03CBD8B-B1A9-4FED-B5AB-03427F3E05B3}"
EndProject
Project("{2150E333-8FDC-42A3-9474-1A3956D46DE8}") = "Expenses.Infrastructure", "Expenses\Expenses.Infrastructure", "{64DB626E-A13D-4435-9416-36B795D47220}"
EndProject
Project("{FAE04EC0-301F-11D3-BF4B-00C04F79EFBC}") = "Expenses.Domain", "Expenses\Expenses.Domain\Expenses.Domain.csproj", "{B5A90104-3ECD-4CD9-97AE-5791CDE1B676}"
EndProject
Project("{FAE04EC0-301F-11D3-BF4B-00C04F79EFBC}") = "Expenses.Business", "Expenses\Expenses.Business\Expenses.Business.csproj", "{B0380DB6-3A93-44A3-B4AA-5CCC9EC3EB3B}"
EndProject
Project("{FAE04EC0-301F-11D3-BF4B-00C04F79EFBC}") = "Expenses.Mediatr", "Expenses\Expenses.Mediatr\Expenses.Mediatr.csproj", "{7CBDE353-E77B-4979-9472-0EF362C27DC2}"
EndProject
Project("{FAE04EC0-301F-11D3-BF4B-00C04F79EFBC}") = "Localizations.ClientApi", "Localizations\Localizations.ClientApi\Localizations.ClientApi.csproj", "{A09FFC45-C9ED-4D09-9084-BA22C3747A17}"
EndProject
Project("{2150E333-8FDC-42A3-9474-1A3956D46DE8}") = "Localizations.Infrastructure", "Localizations\Localizations.Infrastructure", "{8A35BA34-C167-44CC-B87E-2EAEFA14AB85}"
EndProject
Project("{FAE04EC0-301F-11D3-BF4B-00C04F79EFBC}") = "Localizations.Domain", "Localizations\Localizations.Domain\Localizations.Domain.csproj", "{F3888348-E36B-4092-83C5-7B9E7492897E}"
EndProject
Project("{FAE04EC0-301F-11D3-BF4B-00C04F79EFBC}") = "Localizations.Mediatr", "Localizations\Localizations.Mediatr\Localizations.Mediatr.csproj", "{E152A1E4-6C45-417D-A03B-498F1A6A2917}"
EndProject
Project("{FAE04EC0-301F-11D3-BF4B-00C04F79EFBC}") = "Localizations.Business", "Localizations\Localizations.Business\Localizations.Business.csproj", "{6A0AA6B8-5BD0-43D2-91E2-C7236868837D}"
EndProject
Project("{FAE04EC0-301F-11D3-BF4B-00C04F79EFBC}") = "CommonModule.Provision", "CommonModule\CommonModule.Provision\CommonModule.Provision.csproj", "{7499F60A-24B6-462D-B11A-2726971201B1}"
EndProject
Project("{2150E333-8FDC-42A3-9474-1A3956D46DE8}") = "Dictionaries", "Dictionaries", "{DC6B496C-B980-43B9-AA5D-A7FE4F0E12B2}"
EndProject
Project("{2150E333-8FDC-42A3-9474-1A3956D46DE8}") = "Dictionaries.Infrastructure", "Dictionaries\Dictionaries.Infrastructure", "{34F63CC4-C57F-4B13-9873-A4C027215A46}"
EndProject
Project("{FAE04EC0-301F-11D3-BF4B-00C04F79EFBC}") = "Dictionaries.ClientApi", "Dictionaries\Dictionaries.ClientApi\Dictionaries.ClientApi.csproj", "{8274E029-C746-4281-9A58-21C6DDBF043C}"
EndProject
Project("{FAE04EC0-301F-11D3-BF4B-00C04F79EFBC}") = "Dictionaries.Business", "Dictionaries\Dictionaries.Business\Dictionaries.Business.csproj", "{AA7CF8C1-8303-44EF-A322-1075FC1B76ED}"
EndProject
Project("{FAE04EC0-301F-11D3-BF4B-00C04F79EFBC}") = "Dictionaries.Domain", "Dictionaries\Dictionaries.Domain\Dictionaries.Domain.csproj", "{A2BF98B8-7CEB-4B0B-869B-1819720BA979}"
EndProject
Project("{FAE04EC0-301F-11D3-BF4B-00C04F79EFBC}") = "Dictionaries.Mediatr", "Dictionaries\Dictionaries.Mediatr\Dictionaries.Mediatr.csproj", "{9E38B2D4-DF15-40FC-80CC-BE94DAB252D9}"
EndProject
Project("{2150E333-8FDC-42A3-9474-1A3956D46DE8}") = "AuditTrail", "AuditTrail", "{FD2F5FF7-8BBC-4817-919D-13DDD18233F5}"
EndProject
Project("{FAE04EC0-301F-11D3-BF4B-00C04F79EFBC}") = "AuditTrail.ClientApi", "AuditTrail\AuditTrail.ClientApi\AuditTrail.ClientApi.csproj", "{58282A16-81A6-4256-B651-8E594AF644ED}"
EndProject
Project("{2150E333-8FDC-42A3-9474-1A3956D46DE8}") = "AuditTrail.Infrastructure", "AuditTrail\AuditTrail.Infrastructure", "{1EE07334-006C-44EE-BC39-D4B14E1B07F7}"
EndProject
Project("{FAE04EC0-301F-11D3-BF4B-00C04F79EFBC}") = "AuditTrail.Domain", "AuditTrail\AuditTrail.Domain\AuditTrail.Domain.csproj", "{176D5EDA-E3AE-45F0-85F6-5E5BF97AD1D8}"
EndProject
Project("{FAE04EC0-301F-11D3-BF4B-00C04F79EFBC}") = "AuditTrail.Business", "AuditTrail\AuditTrail.Business\AuditTrail.Business.csproj", "{38102117-3E1C-49DE-99C4-71BF833431CB}"
EndProject
Global
	GlobalSection(SolutionConfigurationPlatforms) = preSolution
		Debug|Any CPU = Debug|Any CPU
		Release|Any CPU = Release|Any CPU
	EndGlobalSection
	GlobalSection(NestedProjects) = preSolution
		{3CBEF98E-1366-4763-8AAB-955A2DA5E201} = {6FA52701-60FE-407F-BC12-67DE1B851940}
		{002AA755-A573-49E9-81BE-D8E3D60D5382} = {6FA52701-60FE-407F-BC12-67DE1B851940}
		{59F40959-57C7-4776-834D-DF2158E6FCE5} = {6FA52701-60FE-407F-BC12-67DE1B851940}
		{24624C1E-41E8-4DDC-8D2F-7786AC1F8EF5} = {6FA52701-60FE-407F-BC12-67DE1B851940}
		{E117C5F6-4083-418B-9C1D-779AA11A7C33} = {6FA52701-60FE-407F-BC12-67DE1B851940}
		{D1F6F838-7D5F-4BA2-9A3A-DC77334B3780} = {FD7CB799-2E28-43B4-B8A7-5497E2A631CC}
		{3CCA8818-CDBA-41D1-B1C2-8BB26E854E12} = {FD7CB799-2E28-43B4-B8A7-5497E2A631CC}
		{209A4FD8-6667-40DE-ACD1-BDBA776F37ED} = {3CCA8818-CDBA-41D1-B1C2-8BB26E854E12}
		{D890308A-4771-4C37-9592-2CAB757DE3FB} = {3CCA8818-CDBA-41D1-B1C2-8BB26E854E12}
		{E1E78E7B-7D70-4CF4-888F-5277730EAB1D} = {3CCA8818-CDBA-41D1-B1C2-8BB26E854E12}
		{B5A90104-3ECD-4CD9-97AE-5791CDE1B676} = {64DB626E-A13D-4435-9416-36B795D47220}
		{B0380DB6-3A93-44A3-B4AA-5CCC9EC3EB3B} = {64DB626E-A13D-4435-9416-36B795D47220}
		{7CBDE353-E77B-4979-9472-0EF362C27DC2} = {64DB626E-A13D-4435-9416-36B795D47220}
		{64DB626E-A13D-4435-9416-36B795D47220} = {F001CF5D-729D-42CE-9FD6-12FCEC8C4319}
		{E03CBD8B-B1A9-4FED-B5AB-03427F3E05B3} = {F001CF5D-729D-42CE-9FD6-12FCEC8C4319}
		{A09FFC45-C9ED-4D09-9084-BA22C3747A17} = {D369FB58-7DB9-4F57-A6F5-BA0A1FD4D1AD}
		{8A35BA34-C167-44CC-B87E-2EAEFA14AB85} = {D369FB58-7DB9-4F57-A6F5-BA0A1FD4D1AD}
		{F3888348-E36B-4092-83C5-7B9E7492897E} = {8A35BA34-C167-44CC-B87E-2EAEFA14AB85}
		{E152A1E4-6C45-417D-A03B-498F1A6A2917} = {8A35BA34-C167-44CC-B87E-2EAEFA14AB85}
		{6A0AA6B8-5BD0-43D2-91E2-C7236868837D} = {8A35BA34-C167-44CC-B87E-2EAEFA14AB85}
		{7499F60A-24B6-462D-B11A-2726971201B1} = {6FA52701-60FE-407F-BC12-67DE1B851940}
		{34F63CC4-C57F-4B13-9873-A4C027215A46} = {DC6B496C-B980-43B9-AA5D-A7FE4F0E12B2}
		{8274E029-C746-4281-9A58-21C6DDBF043C} = {DC6B496C-B980-43B9-AA5D-A7FE4F0E12B2}
		{AA7CF8C1-8303-44EF-A322-1075FC1B76ED} = {34F63CC4-C57F-4B13-9873-A4C027215A46}
		{A2BF98B8-7CEB-4B0B-869B-1819720BA979} = {34F63CC4-C57F-4B13-9873-A4C027215A46}
		{9E38B2D4-DF15-40FC-80CC-BE94DAB252D9} = {34F63CC4-C57F-4B13-9873-A4C027215A46}
		{58282A16-81A6-4256-B651-8E594AF644ED} = {FD2F5FF7-8BBC-4817-919D-13DDD18233F5}
		{1EE07334-006C-44EE-BC39-D4B14E1B07F7} = {FD2F5FF7-8BBC-4817-919D-13DDD18233F5}
		{176D5EDA-E3AE-45F0-85F6-5E5BF97AD1D8} = {1EE07334-006C-44EE-BC39-D4B14E1B07F7}
		{38102117-3E1C-49DE-99C4-71BF833431CB} = {1EE07334-006C-44EE-BC39-D4B14E1B07F7}
	EndGlobalSection
	GlobalSection(ProjectConfigurationPlatforms) = postSolution
		{3CBEF98E-1366-4763-8AAB-955A2DA5E201}.Debug|Any CPU.ActiveCfg = Debug|Any CPU
		{3CBEF98E-1366-4763-8AAB-955A2DA5E201}.Debug|Any CPU.Build.0 = Debug|Any CPU
		{3CBEF98E-1366-4763-8AAB-955A2DA5E201}.Release|Any CPU.ActiveCfg = Release|Any CPU
		{3CBEF98E-1366-4763-8AAB-955A2DA5E201}.Release|Any CPU.Build.0 = Release|Any CPU
		{002AA755-A573-49E9-81BE-D8E3D60D5382}.Debug|Any CPU.ActiveCfg = Debug|Any CPU
		{002AA755-A573-49E9-81BE-D8E3D60D5382}.Debug|Any CPU.Build.0 = Debug|Any CPU
		{002AA755-A573-49E9-81BE-D8E3D60D5382}.Release|Any CPU.ActiveCfg = Release|Any CPU
		{002AA755-A573-49E9-81BE-D8E3D60D5382}.Release|Any CPU.Build.0 = Release|Any CPU
		{59F40959-57C7-4776-834D-DF2158E6FCE5}.Debug|Any CPU.ActiveCfg = Debug|Any CPU
		{59F40959-57C7-4776-834D-DF2158E6FCE5}.Debug|Any CPU.Build.0 = Debug|Any CPU
		{59F40959-57C7-4776-834D-DF2158E6FCE5}.Release|Any CPU.ActiveCfg = Release|Any CPU
		{59F40959-57C7-4776-834D-DF2158E6FCE5}.Release|Any CPU.Build.0 = Release|Any CPU
		{24624C1E-41E8-4DDC-8D2F-7786AC1F8EF5}.Debug|Any CPU.ActiveCfg = Debug|Any CPU
		{24624C1E-41E8-4DDC-8D2F-7786AC1F8EF5}.Debug|Any CPU.Build.0 = Debug|Any CPU
		{24624C1E-41E8-4DDC-8D2F-7786AC1F8EF5}.Release|Any CPU.ActiveCfg = Release|Any CPU
		{24624C1E-41E8-4DDC-8D2F-7786AC1F8EF5}.Release|Any CPU.Build.0 = Release|Any CPU
		{E117C5F6-4083-418B-9C1D-779AA11A7C33}.Debug|Any CPU.ActiveCfg = Debug|Any CPU
		{E117C5F6-4083-418B-9C1D-779AA11A7C33}.Debug|Any CPU.Build.0 = Debug|Any CPU
		{E117C5F6-4083-418B-9C1D-779AA11A7C33}.Release|Any CPU.ActiveCfg = Release|Any CPU
		{E117C5F6-4083-418B-9C1D-779AA11A7C33}.Release|Any CPU.Build.0 = Release|Any CPU
		{D1F6F838-7D5F-4BA2-9A3A-DC77334B3780}.Debug|Any CPU.ActiveCfg = Debug|Any CPU
		{D1F6F838-7D5F-4BA2-9A3A-DC77334B3780}.Debug|Any CPU.Build.0 = Debug|Any CPU
		{D1F6F838-7D5F-4BA2-9A3A-DC77334B3780}.Release|Any CPU.ActiveCfg = Release|Any CPU
		{D1F6F838-7D5F-4BA2-9A3A-DC77334B3780}.Release|Any CPU.Build.0 = Release|Any CPU
		{209A4FD8-6667-40DE-ACD1-BDBA776F37ED}.Debug|Any CPU.ActiveCfg = Debug|Any CPU
		{209A4FD8-6667-40DE-ACD1-BDBA776F37ED}.Debug|Any CPU.Build.0 = Debug|Any CPU
		{209A4FD8-6667-40DE-ACD1-BDBA776F37ED}.Release|Any CPU.ActiveCfg = Release|Any CPU
		{209A4FD8-6667-40DE-ACD1-BDBA776F37ED}.Release|Any CPU.Build.0 = Release|Any CPU
		{D890308A-4771-4C37-9592-2CAB757DE3FB}.Debug|Any CPU.ActiveCfg = Debug|Any CPU
		{D890308A-4771-4C37-9592-2CAB757DE3FB}.Debug|Any CPU.Build.0 = Debug|Any CPU
		{D890308A-4771-4C37-9592-2CAB757DE3FB}.Release|Any CPU.ActiveCfg = Release|Any CPU
		{D890308A-4771-4C37-9592-2CAB757DE3FB}.Release|Any CPU.Build.0 = Release|Any CPU
		{E1E78E7B-7D70-4CF4-888F-5277730EAB1D}.Debug|Any CPU.ActiveCfg = Debug|Any CPU
		{E1E78E7B-7D70-4CF4-888F-5277730EAB1D}.Debug|Any CPU.Build.0 = Debug|Any CPU
		{E1E78E7B-7D70-4CF4-888F-5277730EAB1D}.Release|Any CPU.ActiveCfg = Release|Any CPU
		{E1E78E7B-7D70-4CF4-888F-5277730EAB1D}.Release|Any CPU.Build.0 = Release|Any CPU
		{E03CBD8B-B1A9-4FED-B5AB-03427F3E05B3}.Debug|Any CPU.ActiveCfg = Debug|Any CPU
		{E03CBD8B-B1A9-4FED-B5AB-03427F3E05B3}.Debug|Any CPU.Build.0 = Debug|Any CPU
		{E03CBD8B-B1A9-4FED-B5AB-03427F3E05B3}.Release|Any CPU.ActiveCfg = Release|Any CPU
		{E03CBD8B-B1A9-4FED-B5AB-03427F3E05B3}.Release|Any CPU.Build.0 = Release|Any CPU
		{B5A90104-3ECD-4CD9-97AE-5791CDE1B676}.Debug|Any CPU.ActiveCfg = Debug|Any CPU
		{B5A90104-3ECD-4CD9-97AE-5791CDE1B676}.Debug|Any CPU.Build.0 = Debug|Any CPU
		{B5A90104-3ECD-4CD9-97AE-5791CDE1B676}.Release|Any CPU.ActiveCfg = Release|Any CPU
		{B5A90104-3ECD-4CD9-97AE-5791CDE1B676}.Release|Any CPU.Build.0 = Release|Any CPU
		{B0380DB6-3A93-44A3-B4AA-5CCC9EC3EB3B}.Debug|Any CPU.ActiveCfg = Debug|Any CPU
		{B0380DB6-3A93-44A3-B4AA-5CCC9EC3EB3B}.Debug|Any CPU.Build.0 = Debug|Any CPU
		{B0380DB6-3A93-44A3-B4AA-5CCC9EC3EB3B}.Release|Any CPU.ActiveCfg = Release|Any CPU
		{B0380DB6-3A93-44A3-B4AA-5CCC9EC3EB3B}.Release|Any CPU.Build.0 = Release|Any CPU
		{7CBDE353-E77B-4979-9472-0EF362C27DC2}.Debug|Any CPU.ActiveCfg = Debug|Any CPU
		{7CBDE353-E77B-4979-9472-0EF362C27DC2}.Debug|Any CPU.Build.0 = Debug|Any CPU
		{7CBDE353-E77B-4979-9472-0EF362C27DC2}.Release|Any CPU.ActiveCfg = Release|Any CPU
		{7CBDE353-E77B-4979-9472-0EF362C27DC2}.Release|Any CPU.Build.0 = Release|Any CPU
		{A09FFC45-C9ED-4D09-9084-BA22C3747A17}.Debug|Any CPU.ActiveCfg = Debug|Any CPU
		{A09FFC45-C9ED-4D09-9084-BA22C3747A17}.Debug|Any CPU.Build.0 = Debug|Any CPU
		{A09FFC45-C9ED-4D09-9084-BA22C3747A17}.Release|Any CPU.ActiveCfg = Release|Any CPU
		{A09FFC45-C9ED-4D09-9084-BA22C3747A17}.Release|Any CPU.Build.0 = Release|Any CPU
		{F3888348-E36B-4092-83C5-7B9E7492897E}.Debug|Any CPU.ActiveCfg = Debug|Any CPU
		{F3888348-E36B-4092-83C5-7B9E7492897E}.Debug|Any CPU.Build.0 = Debug|Any CPU
		{F3888348-E36B-4092-83C5-7B9E7492897E}.Release|Any CPU.ActiveCfg = Release|Any CPU
		{F3888348-E36B-4092-83C5-7B9E7492897E}.Release|Any CPU.Build.0 = Release|Any CPU
		{E152A1E4-6C45-417D-A03B-498F1A6A2917}.Debug|Any CPU.ActiveCfg = Debug|Any CPU
		{E152A1E4-6C45-417D-A03B-498F1A6A2917}.Debug|Any CPU.Build.0 = Debug|Any CPU
		{E152A1E4-6C45-417D-A03B-498F1A6A2917}.Release|Any CPU.ActiveCfg = Release|Any CPU
		{E152A1E4-6C45-417D-A03B-498F1A6A2917}.Release|Any CPU.Build.0 = Release|Any CPU
		{6A0AA6B8-5BD0-43D2-91E2-C7236868837D}.Debug|Any CPU.ActiveCfg = Debug|Any CPU
		{6A0AA6B8-5BD0-43D2-91E2-C7236868837D}.Debug|Any CPU.Build.0 = Debug|Any CPU
		{6A0AA6B8-5BD0-43D2-91E2-C7236868837D}.Release|Any CPU.ActiveCfg = Release|Any CPU
		{6A0AA6B8-5BD0-43D2-91E2-C7236868837D}.Release|Any CPU.Build.0 = Release|Any CPU
		{7499F60A-24B6-462D-B11A-2726971201B1}.Debug|Any CPU.ActiveCfg = Debug|Any CPU
		{7499F60A-24B6-462D-B11A-2726971201B1}.Debug|Any CPU.Build.0 = Debug|Any CPU
		{7499F60A-24B6-462D-B11A-2726971201B1}.Release|Any CPU.ActiveCfg = Release|Any CPU
		{7499F60A-24B6-462D-B11A-2726971201B1}.Release|Any CPU.Build.0 = Release|Any CPU
		{8274E029-C746-4281-9A58-21C6DDBF043C}.Debug|Any CPU.ActiveCfg = Debug|Any CPU
		{8274E029-C746-4281-9A58-21C6DDBF043C}.Debug|Any CPU.Build.0 = Debug|Any CPU
		{8274E029-C746-4281-9A58-21C6DDBF043C}.Release|Any CPU.ActiveCfg = Release|Any CPU
		{8274E029-C746-4281-9A58-21C6DDBF043C}.Release|Any CPU.Build.0 = Release|Any CPU
		{AA7CF8C1-8303-44EF-A322-1075FC1B76ED}.Debug|Any CPU.ActiveCfg = Debug|Any CPU
		{AA7CF8C1-8303-44EF-A322-1075FC1B76ED}.Debug|Any CPU.Build.0 = Debug|Any CPU
		{AA7CF8C1-8303-44EF-A322-1075FC1B76ED}.Release|Any CPU.ActiveCfg = Release|Any CPU
		{AA7CF8C1-8303-44EF-A322-1075FC1B76ED}.Release|Any CPU.Build.0 = Release|Any CPU
		{A2BF98B8-7CEB-4B0B-869B-1819720BA979}.Debug|Any CPU.ActiveCfg = Debug|Any CPU
		{A2BF98B8-7CEB-4B0B-869B-1819720BA979}.Debug|Any CPU.Build.0 = Debug|Any CPU
		{A2BF98B8-7CEB-4B0B-869B-1819720BA979}.Release|Any CPU.ActiveCfg = Release|Any CPU
		{A2BF98B8-7CEB-4B0B-869B-1819720BA979}.Release|Any CPU.Build.0 = Release|Any CPU
		{9E38B2D4-DF15-40FC-80CC-BE94DAB252D9}.Debug|Any CPU.ActiveCfg = Debug|Any CPU
		{9E38B2D4-DF15-40FC-80CC-BE94DAB252D9}.Debug|Any CPU.Build.0 = Debug|Any CPU
		{9E38B2D4-DF15-40FC-80CC-BE94DAB252D9}.Release|Any CPU.ActiveCfg = Release|Any CPU
		{9E38B2D4-DF15-40FC-80CC-BE94DAB252D9}.Release|Any CPU.Build.0 = Release|Any CPU
		{58282A16-81A6-4256-B651-8E594AF644ED}.Debug|Any CPU.ActiveCfg = Debug|Any CPU
		{58282A16-81A6-4256-B651-8E594AF644ED}.Debug|Any CPU.Build.0 = Debug|Any CPU
		{58282A16-81A6-4256-B651-8E594AF644ED}.Release|Any CPU.ActiveCfg = Release|Any CPU
		{58282A16-81A6-4256-B651-8E594AF644ED}.Release|Any CPU.Build.0 = Release|Any CPU
		{176D5EDA-E3AE-45F0-85F6-5E5BF97AD1D8}.Debug|Any CPU.ActiveCfg = Debug|Any CPU
		{176D5EDA-E3AE-45F0-85F6-5E5BF97AD1D8}.Debug|Any CPU.Build.0 = Debug|Any CPU
		{176D5EDA-E3AE-45F0-85F6-5E5BF97AD1D8}.Release|Any CPU.ActiveCfg = Release|Any CPU
		{176D5EDA-E3AE-45F0-85F6-5E5BF97AD1D8}.Release|Any CPU.Build.0 = Release|Any CPU
		{38102117-3E1C-49DE-99C4-71BF833431CB}.Debug|Any CPU.ActiveCfg = Debug|Any CPU
		{38102117-3E1C-49DE-99C4-71BF833431CB}.Debug|Any CPU.Build.0 = Debug|Any CPU
		{38102117-3E1C-49DE-99C4-71BF833431CB}.Release|Any CPU.ActiveCfg = Release|Any CPU
		{38102117-3E1C-49DE-99C4-71BF833431CB}.Release|Any CPU.Build.0 = Release|Any CPU
	EndGlobalSection
EndGlobal
