
Microsoft Visual Studio Solution File, Format Version 12.00
Project("{2150E333-8FDC-42A3-9474-1A3956D46DE8}") = "CommonModule", "CommonModule", "{6FA52701-60FE-407F-BC12-67DE1B851940}"
EndProject
Project("{2150E333-8FDC-42A3-9474-1A3956D46DE8}") = "AuthGateway", "AuthGateway", "{FD7CB799-2E28-43B4-B8A7-5497E2A631CC}"
EndProject
Project("{FAE04EC0-301F-11D3-BF4B-00C04F79EFBC}") = "CommonModule.Core", "CommonModule\CommonModule.Core\CommonModule.Core.csproj", "{3CBEF98E-1366-4763-8AAB-955A2DA5E201}"
EndProject
Project("{FAE04EC0-301F-11D3-BF4B-00C04F79EFBC}") = "CommonModule.Interfaces", "CommonModule\CommonModule.Interfaces\CommonModule.Interfaces.csproj", "{002AA755-A573-49E9-81BE-D8E3D60D5382}"
EndProject
Project("{FAE04EC0-301F-11D3-BF4B-00C04F79EFBC}") = "CommonModule.Repositories", "CommonModule\CommonModule.Repositories\CommonModule.Repositories.csproj", "{59F40959-57C7-4776-834D-DF2158E6FCE5}"
EndProject
Project("{FAE04EC0-301F-11D3-BF4B-00C04F79EFBC}") = "CommonModule.Shared", "CommonModule\CommonModule.Shared\CommonModule.Shared.csproj", "{24624C1E-41E8-4DDC-8D2F-7786AC1F8EF5}"
EndProject
Project("{FAE04EC0-301F-11D3-BF4B-00C04F79EFBC}") = "CommonModule.Facade", "CommonModule\CommonModule.Facade\CommonModule.Facade.csproj", "{E117C5F6-4083-418B-9C1D-779AA11A7C33}"
EndProject
Project("{FAE04EC0-301F-11D3-BF4B-00C04F79EFBC}") = "AuthGateway.ClientApi", "AuthGateway\AuthGateway.ClientApi\AuthGateway.ClientApi.csproj", "{D1F6F838-7D5F-4BA2-9A3A-DC77334B3780}"
EndProject
Project("{2150E333-8FDC-42A3-9474-1A3956D46DE8}") = "AuthGateway.Infrastructure", "AuthGateway.Infrastructure", "{3CCA8818-CDBA-41D1-B1C2-8BB26E854E12}"
EndProject
Project("{FAE04EC0-301F-11D3-BF4B-00C04F79EFBC}") = "AuthGateway.Domain", "AuthGateway\AuthGateway.Domain\AuthGateway.Domain.csproj", "{209A4FD8-6667-40DE-ACD1-BDBA776F37ED}"
EndProject
Project("{FAE04EC0-301F-11D3-BF4B-00C04F79EFBC}") = "AuthGateway.Mediatr", "AuthGateway\AuthGateway.Mediatr\AuthGateway.Mediatr.csproj", "{D890308A-4771-4C37-9592-2CAB757DE3FB}"
EndProject
Project("{FAE04EC0-301F-11D3-BF4B-00C04F79EFBC}") = "AuthGateway.Bussines", "AuthGateway\AuthGateway.Bussines\AuthGateway.Bussines.csproj", "{E1E78E7B-7D70-4CF4-888F-5277730EAB1D}"
EndProject
Global
	GlobalSection(SolutionConfigurationPlatforms) = preSolution
		Debug|Any CPU = Debug|Any CPU
		Release|Any CPU = Release|Any CPU
	EndGlobalSection
	GlobalSection(NestedProjects) = preSolution
		{3CBEF98E-1366-4763-8AAB-955A2DA5E201} = {6FA52701-60FE-407F-BC12-67DE1B851940}
		{002AA755-A573-49E9-81BE-D8E3D60D5382} = {6FA52701-60FE-407F-BC12-67DE1B851940}
		{59F40959-57C7-4776-834D-DF2158E6FCE5} = {6FA52701-60FE-407F-BC12-67DE1B851940}
		{24624C1E-41E8-4DDC-8D2F-7786AC1F8EF5} = {6FA52701-60FE-407F-BC12-67DE1B851940}
		{E117C5F6-4083-418B-9C1D-779AA11A7C33} = {6FA52701-60FE-407F-BC12-67DE1B851940}
		{D1F6F838-7D5F-4BA2-9A3A-DC77334B3780} = {FD7CB799-2E28-43B4-B8A7-5497E2A631CC}
		{3CCA8818-CDBA-41D1-B1C2-8BB26E854E12} = {FD7CB799-2E28-43B4-B8A7-5497E2A631CC}
		{209A4FD8-6667-40DE-ACD1-BDBA776F37ED} = {3CCA8818-CDBA-41D1-B1C2-8BB26E854E12}
		{D890308A-4771-4C37-9592-2CAB757DE3FB} = {3CCA8818-CDBA-41D1-B1C2-8BB26E854E12}
		{E1E78E7B-7D70-4CF4-888F-5277730EAB1D} = {3CCA8818-CDBA-41D1-B1C2-8BB26E854E12}
	EndGlobalSection
	GlobalSection(ProjectConfigurationPlatforms) = postSolution
		{3CBEF98E-1366-4763-8AAB-955A2DA5E201}.Debug|Any CPU.ActiveCfg = Debug|Any CPU
		{3CBEF98E-1366-4763-8AAB-955A2DA5E201}.Debug|Any CPU.Build.0 = Debug|Any CPU
		{3CBEF98E-1366-4763-8AAB-955A2DA5E201}.Release|Any CPU.ActiveCfg = Release|Any CPU
		{3CBEF98E-1366-4763-8AAB-955A2DA5E201}.Release|Any CPU.Build.0 = Release|Any CPU
		{002AA755-A573-49E9-81BE-D8E3D60D5382}.Debug|Any CPU.ActiveCfg = Debug|Any CPU
		{002AA755-A573-49E9-81BE-D8E3D60D5382}.Debug|Any CPU.Build.0 = Debug|Any CPU
		{002AA755-A573-49E9-81BE-D8E3D60D5382}.Release|Any CPU.ActiveCfg = Release|Any CPU
		{002AA755-A573-49E9-81BE-D8E3D60D5382}.Release|Any CPU.Build.0 = Release|Any CPU
		{59F40959-57C7-4776-834D-DF2158E6FCE5}.Debug|Any CPU.ActiveCfg = Debug|Any CPU
		{59F40959-57C7-4776-834D-DF2158E6FCE5}.Debug|Any CPU.Build.0 = Debug|Any CPU
		{59F40959-57C7-4776-834D-DF2158E6FCE5}.Release|Any CPU.ActiveCfg = Release|Any CPU
		{59F40959-57C7-4776-834D-DF2158E6FCE5}.Release|Any CPU.Build.0 = Release|Any CPU
		{24624C1E-41E8-4DDC-8D2F-7786AC1F8EF5}.Debug|Any CPU.ActiveCfg = Debug|Any CPU
		{24624C1E-41E8-4DDC-8D2F-7786AC1F8EF5}.Debug|Any CPU.Build.0 = Debug|Any CPU
		{24624C1E-41E8-4DDC-8D2F-7786AC1F8EF5}.Release|Any CPU.ActiveCfg = Release|Any CPU
		{24624C1E-41E8-4DDC-8D2F-7786AC1F8EF5}.Release|Any CPU.Build.0 = Release|Any CPU
		{E117C5F6-4083-418B-9C1D-779AA11A7C33}.Debug|Any CPU.ActiveCfg = Debug|Any CPU
		{E117C5F6-4083-418B-9C1D-779AA11A7C33}.Debug|Any CPU.Build.0 = Debug|Any CPU
		{E117C5F6-4083-418B-9C1D-779AA11A7C33}.Release|Any CPU.ActiveCfg = Release|Any CPU
		{E117C5F6-4083-418B-9C1D-779AA11A7C33}.Release|Any CPU.Build.0 = Release|Any CPU
		{D1F6F838-7D5F-4BA2-9A3A-DC77334B3780}.Debug|Any CPU.ActiveCfg = Debug|Any CPU
		{D1F6F838-7D5F-4BA2-9A3A-DC77334B3780}.Debug|Any CPU.Build.0 = Debug|Any CPU
		{D1F6F838-7D5F-4BA2-9A3A-DC77334B3780}.Release|Any CPU.ActiveCfg = Release|Any CPU
		{D1F6F838-7D5F-4BA2-9A3A-DC77334B3780}.Release|Any CPU.Build.0 = Release|Any CPU
		{209A4FD8-6667-40DE-ACD1-BDBA776F37ED}.Debug|Any CPU.ActiveCfg = Debug|Any CPU
		{209A4FD8-6667-40DE-ACD1-BDBA776F37ED}.Debug|Any CPU.Build.0 = Debug|Any CPU
		{209A4FD8-6667-40DE-ACD1-BDBA776F37ED}.Release|Any CPU.ActiveCfg = Release|Any CPU
		{209A4FD8-6667-40DE-ACD1-BDBA776F37ED}.Release|Any CPU.Build.0 = Release|Any CPU
		{D890308A-4771-4C37-9592-2CAB757DE3FB}.Debug|Any CPU.ActiveCfg = Debug|Any CPU
		{D890308A-4771-4C37-9592-2CAB757DE3FB}.Debug|Any CPU.Build.0 = Debug|Any CPU
		{D890308A-4771-4C37-9592-2CAB757DE3FB}.Release|Any CPU.ActiveCfg = Release|Any CPU
		{D890308A-4771-4C37-9592-2CAB757DE3FB}.Release|Any CPU.Build.0 = Release|Any CPU
		{E1E78E7B-7D70-4CF4-888F-5277730EAB1D}.Debug|Any CPU.ActiveCfg = Debug|Any CPU
		{E1E78E7B-7D70-4CF4-888F-5277730EAB1D}.Debug|Any CPU.Build.0 = Debug|Any CPU
		{E1E78E7B-7D70-4CF4-888F-5277730EAB1D}.Release|Any CPU.ActiveCfg = Release|Any CPU
		{E1E78E7B-7D70-4CF4-888F-5277730EAB1D}.Release|Any CPU.Build.0 = Release|Any CPU
	EndGlobalSection
EndGlobal
